
Microsoft Visual Studio Solution File, Format Version 12.00
# Visual Studio 15
VisualStudioVersion = 15.0.27130.2010
MinimumVisualStudioVersion = 10.0.40219.1
Project("{FAE04EC0-301F-11D3-BF4B-00C04F79EFBC}") = "Autotest1", "Autotest1\Autotest1.csproj", "{BFC44FFD-C658-4D8D-89A1-E2F5E1B45FA3}"
EndProject
Global
	GlobalSection(SolutionConfigurationPlatforms) = preSolution
		Debug|Any CPU = Debug|Any CPU
		Release|Any CPU = Release|Any CPU
	EndGlobalSection
	GlobalSection(ProjectConfigurationPlatforms) = postSolution
		{BFC44FFD-C658-4D8D-89A1-E2F5E1B45FA3}.Debug|Any CPU.ActiveCfg = Debug|Any CPU
		{BFC44FFD-C658-4D8D-89A1-E2F5E1B45FA3}.Debug|Any CPU.Build.0 = Debug|Any CPU
		{BFC44FFD-C658-4D8D-89A1-E2F5E1B45FA3}.Release|Any CPU.ActiveCfg = Release|Any CPU
		{BFC44FFD-C658-4D8D-89A1-E2F5E1B45FA3}.Release|Any CPU.Build.0 = Release|Any CPU
	EndGlobalSection
	GlobalSection(SolutionProperties) = preSolution
		HideSolutionNode = FALSE
	EndGlobalSection
	GlobalSection(ExtensibilityGlobals) = postSolution
		SolutionGuid = {EBC4D4F8-E3A9-4669-8A8F-2925517A9380}
	EndGlobalSection
EndGlobal
